# This file is autogenerated, do not edit; changes may be undone by the next 'dep ensure'.


[[projects]]
  name = "github.com/idavydov/go-lbfgsb"
  packages = ["."]
  revision = "3cc8cafaf5e6838547276e2af13dbfde062e0ee0"
  version = "v0.1.0"

[[projects]]
  name = "github.com/nlopes/slack"
  packages = ["."]
  revision = "c86337c0ef2486a15edd804355d9c73d2f2caed1"
  version = "v0.1.0"

[[projects]]
  branch = "master"
  name = "github.com/tarm/serial"
  packages = ["."]
  revision = "794054cb266296569307c08d1b475f44505dfab1"

[[projects]]
  branch = "master"
  name = "golang.org/x/net"
  packages = ["websocket"]
  revision = "9dfe39835686865bff950a07b394c12a98ddc811"

[solve-meta]
  analyzer-name = "dep"
  analyzer-version = 1
  inputs-digest = "b50d6fcf8b6a8d7d29bf833104bbc09db4c9def7600505a634b3ef1f084468a4"
  solver-name = "gps-cdcl"
  solver-version = 1
